
Microsoft Visual Studio Solution File, Format Version 12.00
# Visual Studio Version 17
VisualStudioVersion = 17.14.36717.8 d17.14
MinimumVisualStudioVersion = 10.0.40219.1
Project("{FAE04EC0-301F-11D3-BF4B-00C04F79EFBC}") = "Class3_Task3", "Class3_Task3\Class3_Task3.csproj", "{504E7E57-0FB4-43DC-9A0A-2C1401BBD11E}"
EndProject
Global
	GlobalSection(SolutionConfigurationPlatforms) = preSolution
		Debug|Any CPU = Debug|Any CPU
		Release|Any CPU = Release|Any CPU
	EndGlobalSection
	GlobalSection(ProjectConfigurationPlatforms) = postSolution
		{504E7E57-0FB4-43DC-9A0A-2C1401BBD11E}.Debug|Any CPU.ActiveCfg = Debug|Any CPU
		{504E7E57-0FB4-43DC-9A0A-2C1401BBD11E}.Debug|Any CPU.Build.0 = Debug|Any CPU
		{504E7E57-0FB4-43DC-9A0A-2C1401BBD11E}.Release|Any CPU.ActiveCfg = Release|Any CPU
		{504E7E57-0FB4-43DC-9A0A-2C1401BBD11E}.Release|Any CPU.Build.0 = Release|Any CPU
	EndGlobalSection
	GlobalSection(SolutionProperties) = preSolution
		HideSolutionNode = FALSE
	EndGlobalSection
	GlobalSection(ExtensibilityGlobals) = postSolution
		SolutionGuid = {6C3A2D3B-56EC-4A63-91DF-BCE6D55EEA2D}
	EndGlobalSection
EndGlobal
