
Microsoft Visual Studio Solution File, Format Version 12.00
# Visual Studio Version 17
VisualStudioVersion = 17.14.36717.8 d17.14
MinimumVisualStudioVersion = 10.0.40219.1
Project("{FAE04EC0-301F-11D3-BF4B-00C04F79EFBC}") = "Class11_Task1", "Class11_Task1\Class11_Task1.csproj", "{13C9C58A-7320-44A8-9BBA-BDB89957D786}"
EndProject
Global
	GlobalSection(SolutionConfigurationPlatforms) = preSolution
		Debug|Any CPU = Debug|Any CPU
		Release|Any CPU = Release|Any CPU
	EndGlobalSection
	GlobalSection(ProjectConfigurationPlatforms) = postSolution
		{13C9C58A-7320-44A8-9BBA-BDB89957D786}.Debug|Any CPU.ActiveCfg = Debug|Any CPU
		{13C9C58A-7320-44A8-9BBA-BDB89957D786}.Debug|Any CPU.Build.0 = Debug|Any CPU
		{13C9C58A-7320-44A8-9BBA-BDB89957D786}.Release|Any CPU.ActiveCfg = Release|Any CPU
		{13C9C58A-7320-44A8-9BBA-BDB89957D786}.Release|Any CPU.Build.0 = Release|Any CPU
	EndGlobalSection
	GlobalSection(SolutionProperties) = preSolution
		HideSolutionNode = FALSE
	EndGlobalSection
	GlobalSection(ExtensibilityGlobals) = postSolution
		SolutionGuid = {D5131A05-BCAA-44CE-8E50-C265F0EF45CE}
	EndGlobalSection
EndGlobal
