
Microsoft Visual Studio Solution File, Format Version 12.00
# Visual Studio Version 17
VisualStudioVersion = 17.14.36717.8 d17.14
MinimumVisualStudioVersion = 10.0.40219.1
Project("{FAE04EC0-301F-11D3-BF4B-00C04F79EFBC}") = "Class12_Task2", "Class12_Task2\Class12_Task2.csproj", "{BCB3A08E-339D-44FA-838A-A129C669A33D}"
EndProject
Global
	GlobalSection(SolutionConfigurationPlatforms) = preSolution
		Debug|Any CPU = Debug|Any CPU
		Release|Any CPU = Release|Any CPU
	EndGlobalSection
	GlobalSection(ProjectConfigurationPlatforms) = postSolution
		{BCB3A08E-339D-44FA-838A-A129C669A33D}.Debug|Any CPU.ActiveCfg = Debug|Any CPU
		{BCB3A08E-339D-44FA-838A-A129C669A33D}.Debug|Any CPU.Build.0 = Debug|Any CPU
		{BCB3A08E-339D-44FA-838A-A129C669A33D}.Release|Any CPU.ActiveCfg = Release|Any CPU
		{BCB3A08E-339D-44FA-838A-A129C669A33D}.Release|Any CPU.Build.0 = Release|Any CPU
	EndGlobalSection
	GlobalSection(SolutionProperties) = preSolution
		HideSolutionNode = FALSE
	EndGlobalSection
	GlobalSection(ExtensibilityGlobals) = postSolution
		SolutionGuid = {30605E69-D8DD-4F20-93DB-68984F0A7C97}
	EndGlobalSection
EndGlobal
