
Microsoft Visual Studio Solution File, Format Version 12.00
# Visual Studio Version 17
VisualStudioVersion = 17.14.36717.8 d17.14
MinimumVisualStudioVersion = 10.0.40219.1
Project("{FAE04EC0-301F-11D3-BF4B-00C04F79EFBC}") = "Class7_Task2", "Class7_Task2\Class7_Task2.csproj", "{CB38C679-225F-46F2-B860-8A3B03503012}"
EndProject
Global
	GlobalSection(SolutionConfigurationPlatforms) = preSolution
		Debug|Any CPU = Debug|Any CPU
		Release|Any CPU = Release|Any CPU
	EndGlobalSection
	GlobalSection(ProjectConfigurationPlatforms) = postSolution
		{CB38C679-225F-46F2-B860-8A3B03503012}.Debug|Any CPU.ActiveCfg = Debug|Any CPU
		{CB38C679-225F-46F2-B860-8A3B03503012}.Debug|Any CPU.Build.0 = Debug|Any CPU
		{CB38C679-225F-46F2-B860-8A3B03503012}.Release|Any CPU.ActiveCfg = Release|Any CPU
		{CB38C679-225F-46F2-B860-8A3B03503012}.Release|Any CPU.Build.0 = Release|Any CPU
	EndGlobalSection
	GlobalSection(SolutionProperties) = preSolution
		HideSolutionNode = FALSE
	EndGlobalSection
	GlobalSection(ExtensibilityGlobals) = postSolution
		SolutionGuid = {489447B3-EFAF-4970-B041-74D4525F857D}
	EndGlobalSection
EndGlobal
